<?xml version="1.0" encoding="utf-8"?>
<Project ToolsVersion="4.0" xmlns="http://schemas.microsoft.com/developer/msbuild/2003">
  <ItemGroup>
    <Filter Include="File di origine">
      <UniqueIdentifier>{4FC737F1-C7A5-4376-A066-2A32D752A2FF}</UniqueIdentifier>
      <Extensions>cpp;c;cc;cxx;c++;cppm;ixx;def;odl;idl;hpj;bat;asm;asmx</Extensions>
    </Filter>
    <Filter Include="File di intestazione">
      <UniqueIdentifier>{93995380-89BD-4b04-88EB-625FBE52EBFB}</UniqueIdentifier>
      <Extensions>h;hh;hpp;hxx;h++;hm;inl;inc;ipp;xsd</Extensions>
    </Filter>
    <Filter Include="File di risorse">
      <UniqueIdentifier>{67DA6AB6-F800-4c08-8B7A-83BB121AAD01}</UniqueIdentifier>
      <Extensions>rc;ico;cur;bmp;dlg;rc2;rct;bin;rgs;gif;jpg;jpeg;jpe;resx;tiff;tif;png;wav;mfcribbon-ms</Extensions>
    </Filter>
  </ItemGroup>
  <ItemGroup>
    <ClCompile Include="src\Physics\BoxCollider2D.cpp">
      <Filter>File di origine</Filter>
    </ClCompile>
    <ClCompile Include="src\Physics\Collider2D.cpp">
      <Filter>File di origine</Filter>
    </ClCompile>
    <ClCompile Include="src\Physics\Collider2DEventHandler.cpp">
      <Filter>File di origine</Filter>
    </ClCompile>
    <ClCompile Include="src\Physics\CollisionManager.cpp">
      <Filter>File di origine</Filter>
    </ClCompile>
    <ClCompile Include="src\Physics\CollisionSyncHandler.cpp">
      <Filter>File di origine</Filter>
    </ClCompile>
    <ClCompile Include="src\Physics\ConvexCollider2D.cpp">
      <Filter>File di origine</Filter>
    </ClCompile>
    <ClCompile Include="src\Physics\ConvexSide2D.cpp">
      <Filter>File di origine</Filter>
    </ClCompile>
    <ClCompile Include="src\Physics\PhysicBody2D.cpp">
      <Filter>File di origine</Filter>
    </ClCompile>
    <ClCompile Include="src\Physics\PhysicComponent.cpp">
      <Filter>File di origine</Filter>
    </ClCompile>
    <ClCompile Include="src\Physics\PhysicsManager.cpp">
      <Filter>File di origine</Filter>
    </ClCompile>
    <ClCompile Include="src\Physics\ProjectionCollider.cpp">
      <Filter>File di origine</Filter>
    </ClCompile>
    <ClCompile Include="src\Camera.cpp">
      <Filter>File di origine</Filter>
    </ClCompile>
    <ClCompile Include="src\Color.cpp">
      <Filter>File di origine</Filter>
    </ClCompile>
    <ClCompile Include="src\Component.cpp">
      <Filter>File di origine</Filter>
    </ClCompile>
    <ClCompile Include="src\EngineManager.cpp">
      <Filter>File di origine</Filter>
    </ClCompile>
    <ClCompile Include="src\GameObject.cpp">
      <Filter>File di origine</Filter>
    </ClCompile>
    <ClCompile Include="src\InputsHandler.cpp">
      <Filter>File di origine</Filter>
    </ClCompile>
    <ClCompile Include="src\Scene.cpp">
      <Filter>File di origine</Filter>
    </ClCompile>
    <ClCompile Include="src\SceneBuilder.cpp">
      <Filter>File di origine</Filter>
    </ClCompile>
    <ClCompile Include="src\SceneManager.cpp">
      <Filter>File di origine</Filter>
    </ClCompile>
    <ClCompile Include="src\Shader.cpp">
      <Filter>File di origine</Filter>
    </ClCompile>
    <ClCompile Include="src\SpriteRenderer.cpp">
      <Filter>File di origine</Filter>
    </ClCompile>
    <ClCompile Include="src\StandardShaders.cpp">
      <Filter>File di origine</Filter>
    </ClCompile>
    <ClCompile Include="src\EngineTime.cpp">
      <Filter>File di origine</Filter>
    </ClCompile>
    <ClCompile Include="src\Transform.cpp">
      <Filter>File di origine</Filter>
    </ClCompile>
    <ClCompile Include="src\Utilities.cpp">
      <Filter>File di origine</Filter>
    </ClCompile>
    <ClCompile Include="src\WindowSettings.cpp">
      <Filter>File di origine</Filter>
    </ClCompile>
    <ClCompile Include="src\Math\Math.cpp">
      <Filter>File di origine</Filter>
    </ClCompile>
    <ClCompile Include="src\Math\MathUtils.cpp">
      <Filter>File di origine</Filter>
    </ClCompile>
    <ClCompile Include="src\InitHandler.cpp">
      <Filter>File di origine</Filter>
    </ClCompile>
    <ClCompile Include="src\glad.c">
      <Filter>File di origine</Filter>
    </ClCompile>
    <ClCompile Include="src\Sprite.cpp">
      <Filter>File di origine</Filter>
    </ClCompile>
  </ItemGroup>
  <ItemGroup>
    <ClInclude Include="src\Physics\BoxCollider2D.hpp">
      <Filter>File di intestazione</Filter>
    </ClInclude>
    <ClInclude Include="src\Physics\Collider2D.hpp">
      <Filter>File di intestazione</Filter>
    </ClInclude>
    <ClInclude Include="src\Physics\Collider2DEventHandler.hpp">
      <Filter>File di intestazione</Filter>
    </ClInclude>
    <ClInclude Include="src\Physics\CollisionManager.hpp">
      <Filter>File di intestazione</Filter>
    </ClInclude>
    <ClInclude Include="src\Physics\CollisionSyncHandler.hpp">
      <Filter>File di intestazione</Filter>
    </ClInclude>
    <ClInclude Include="src\Physics\ConvexCollider2D.hpp">
      <Filter>File di intestazione</Filter>
    </ClInclude>
    <ClInclude Include="src\Physics\ConvexShapeInfo.hpp">
      <Filter>File di intestazione</Filter>
    </ClInclude>
    <ClInclude Include="src\Physics\ConvexSide2D.hpp">
      <Filter>File di intestazione</Filter>
    </ClInclude>
    <ClInclude Include="src\Physics\ConvexSideBase.hpp">
      <Filter>File di intestazione</Filter>
    </ClInclude>
    <ClInclude Include="src\Physics\PhysicBody2D.hpp">
      <Filter>File di intestazione</Filter>
    </ClInclude>
    <ClInclude Include="src\Physics\PhysicComponent.hpp">
      <Filter>File di intestazione</Filter>
    </ClInclude>
    <ClInclude Include="src\Physics\PhysicsManager.hpp">
      <Filter>File di intestazione</Filter>
    </ClInclude>
    <ClInclude Include="src\Physics\ProjectionCollider.hpp">
      <Filter>File di intestazione</Filter>
    </ClInclude>
    <ClInclude Include="src\Camera.h">
      <Filter>File di intestazione</Filter>
    </ClInclude>
    <ClInclude Include="src\Color.h">
      <Filter>File di intestazione</Filter>
    </ClInclude>
    <ClInclude Include="src\Component.h">
      <Filter>File di intestazione</Filter>
    </ClInclude>
    <ClInclude Include="src\Delegates.h">
      <Filter>File di intestazione</Filter>
    </ClInclude>
    <ClInclude Include="src\EngineManager.h">
      <Filter>File di intestazione</Filter>
    </ClInclude>
    <ClInclude Include="src\GameObject.h">
      <Filter>File di intestazione</Filter>
    </ClInclude>
    <ClInclude Include="src\GameSceneBuilder-DESKTOP-JSCKK6L.h">
      <Filter>File di intestazione</Filter>
    </ClInclude>
    <ClInclude Include="src\InputsHandler.h">
      <Filter>File di intestazione</Filter>
    </ClInclude>
    <ClInclude Include="src\InputsHandler-DESKTOP-JSCKK6L.h">
      <Filter>File di intestazione</Filter>
    </ClInclude>
    <ClInclude Include="src\MultiCastDelegate.h">
      <Filter>File di intestazione</Filter>
    </ClInclude>
    <ClInclude Include="src\Scene.h">
      <Filter>File di intestazione</Filter>
    </ClInclude>
    <ClInclude Include="src\SceneBuilder.h">
      <Filter>File di intestazione</Filter>
    </ClInclude>
    <ClInclude Include="src\SceneManager.h">
      <Filter>File di intestazione</Filter>
    </ClInclude>
    <ClInclude Include="src\Shader.h">
      <Filter>File di intestazione</Filter>
    </ClInclude>
    <ClInclude Include="src\SpriteRenderer.h">
      <Filter>File di intestazione</Filter>
    </ClInclude>
    <ClInclude Include="src\StandardShaders.h">
      <Filter>File di intestazione</Filter>
    </ClInclude>
    <ClInclude Include="src\stb_image.h">
      <Filter>File di intestazione</Filter>
    </ClInclude>
    <ClInclude Include="src\EngineTime.hpp">
      <Filter>File di intestazione</Filter>
    </ClInclude>
    <ClInclude Include="src\Transform.h">
      <Filter>File di intestazione</Filter>
    </ClInclude>
    <ClInclude Include="src\Utilities.h">
      <Filter>File di intestazione</Filter>
    </ClInclude>
    <ClInclude Include="src\WindowSettings.h">
      <Filter>File di intestazione</Filter>
    </ClInclude>
    <ClInclude Include="src\Math\Math.h">
      <Filter>File di intestazione</Filter>
    </ClInclude>
    <ClInclude Include="src\Math\MathUtils.hpp">
      <Filter>File di intestazione</Filter>
    </ClInclude>
    <ClInclude Include="src\Math\Matrix3x3.hpp">
      <Filter>File di intestazione</Filter>
    </ClInclude>
    <ClInclude Include="src\Math\Quaternion.hpp">
      <Filter>File di intestazione</Filter>
    </ClInclude>
    <ClInclude Include="src\Math\Vector2.hpp">
      <Filter>File di intestazione</Filter>
    </ClInclude>
    <ClInclude Include="src\Math\Vector3.hpp">
      <Filter>File di intestazione</Filter>
    </ClInclude>
    <ClInclude Include="src\InitHandler.h">
      <Filter>File di intestazione</Filter>
    </ClInclude>
    <ClInclude Include="src\ClusterEngine.h">
      <Filter>File di intestazione</Filter>
    </ClInclude>
    <ClInclude Include="src\Physics\Physics.h">
      <Filter>File di intestazione</Filter>
    </ClInclude>
    <ClInclude Include="src\GraphicsConventions.h">
      <Filter>File di intestazione</Filter>
    </ClInclude>
    <ClInclude Include="src\Sprite.hpp">
      <Filter>File di intestazione</Filter>
    </ClInclude>
  </ItemGroup>
</Project>